
Microsoft Visual Studio Solution File, Format Version 12.00
Project("{FAE04EC0-301F-11D3-BF4B-00C04F79EFBC}") = "Fade.MonoGame", "Fade.MonoGame\Fade.MonoGame.csproj", "{86037BBE-C66F-462E-8E68-E0A59396EEEA}"
EndProject
Project("{FAE04EC0-301F-11D3-BF4B-00C04F79EFBC}") = "Fade.MonoGame.Lib", "Fade.MonoGame.Lib\Fade.MonoGame.Lib.csproj", "{A003B1B5-7AC0-4523-A85D-83A772DC8355}"
EndProject
Project("{FAE04EC0-301F-11D3-BF4B-00C04F79EFBC}") = "Fade.MonoGame.Game", "Fade.MonoGame.Game\Fade.MonoGame.Game.csproj", "{40FD231B-E405-46EB-BD57-A2527FD4D682}"
EndProject
Project("{FAE04EC0-301F-11D3-BF4B-00C04F79EFBC}") = "TexTools", "TexTools\TexTools.csproj", "{80763E2A-79EE-4B42-8846-B44650DE4FB8}"
EndProject
Project("{FAE04EC0-301F-11D3-BF4B-00C04F79EFBC}") = "MonoGame.Framework.DesktopGL", "..\MonoGame\MonoGame.Framework\MonoGame.Framework.DesktopGL.csproj", "{228A124C-4D26-4777-845E-DE9045AE552E}"
EndProject
Global
	GlobalSection(SolutionConfigurationPlatforms) = preSolution
		Debug|Any CPU = Debug|Any CPU
		Release|Any CPU = Release|Any CPU
	EndGlobalSection
	GlobalSection(ProjectConfigurationPlatforms) = postSolution
		{86037BBE-C66F-462E-8E68-E0A59396EEEA}.Debug|Any CPU.ActiveCfg = Debug|Any CPU
		{86037BBE-C66F-462E-8E68-E0A59396EEEA}.Debug|Any CPU.Build.0 = Debug|Any CPU
		{86037BBE-C66F-462E-8E68-E0A59396EEEA}.Release|Any CPU.ActiveCfg = Release|Any CPU
		{86037BBE-C66F-462E-8E68-E0A59396EEEA}.Release|Any CPU.Build.0 = Release|Any CPU
		{A003B1B5-7AC0-4523-A85D-83A772DC8355}.Debug|Any CPU.ActiveCfg = Debug|Any CPU
		{A003B1B5-7AC0-4523-A85D-83A772DC8355}.Debug|Any CPU.Build.0 = Debug|Any CPU
		{A003B1B5-7AC0-4523-A85D-83A772DC8355}.Release|Any CPU.ActiveCfg = Release|Any CPU
		{A003B1B5-7AC0-4523-A85D-83A772DC8355}.Release|Any CPU.Build.0 = Release|Any CPU
		{40FD231B-E405-46EB-BD57-A2527FD4D682}.Debug|Any CPU.ActiveCfg = Debug|Any CPU
		{40FD231B-E405-46EB-BD57-A2527FD4D682}.Debug|Any CPU.Build.0 = Debug|Any CPU
		{40FD231B-E405-46EB-BD57-A2527FD4D682}.Release|Any CPU.ActiveCfg = Release|Any CPU
		{40FD231B-E405-46EB-BD57-A2527FD4D682}.Release|Any CPU.Build.0 = Release|Any CPU
		{80763E2A-79EE-4B42-8846-B44650DE4FB8}.Debug|Any CPU.ActiveCfg = Debug|Any CPU
		{80763E2A-79EE-4B42-8846-B44650DE4FB8}.Debug|Any CPU.Build.0 = Debug|Any CPU
		{80763E2A-79EE-4B42-8846-B44650DE4FB8}.Release|Any CPU.ActiveCfg = Release|Any CPU
		{80763E2A-79EE-4B42-8846-B44650DE4FB8}.Release|Any CPU.Build.0 = Release|Any CPU
		{228A124C-4D26-4777-845E-DE9045AE552E}.Debug|Any CPU.ActiveCfg = Debug|Any CPU
		{228A124C-4D26-4777-845E-DE9045AE552E}.Debug|Any CPU.Build.0 = Debug|Any CPU
		{228A124C-4D26-4777-845E-DE9045AE552E}.Release|Any CPU.ActiveCfg = Release|Any CPU
		{228A124C-4D26-4777-845E-DE9045AE552E}.Release|Any CPU.Build.0 = Release|Any CPU
	EndGlobalSection
EndGlobal
